lockfileVersion: 5.4

specifiers:
  unist-util-visit: ^4.1.2

dependencies:
  unist-util-visit: 4.1.2

packages:

  /@types/unist/2.0.6:
    resolution: {integrity: sha512-PBjIUxZHOuj0R15/xuwJYjFi+KZdNFrehocChv4g5hu6aFroHue8m0lBP0POdK2nKzbw0cgV1mws8+V/JAcEkQ==}
    dev: false

  /unist-util-is/5.2.0:
    resolution: {integrity: sha512-Glt17jWwZeyqrFqOK0pF1Ded5U3yzJnFr8CG1GMjCWTp9zDo2p+cmD6pWbZU8AgM5WU3IzRv6+rBwhzsGh6hBQ==}
    dev: false

  /unist-util-visit-parents/5.1.3:
    resolution: {integrity: sha512-x6+y8g7wWMyQhL1iZfhIPhDAs7Xwbn9nRosDXl7qoPTSCy0yNxnKc+hWokFifWQIDGi154rdUqKvbCa4+1kLhg==}
    dependencies:
      '@types/unist': 2.0.6
      unist-util-is: 5.2.0
    dev: false

  /unist-util-visit/4.1.2:
    resolution: {integrity: sha512-MSd8OUGISqHdVvfY9TPhyK2VdUrPgxkUtWSuMHF6XAAFuL4LokseigBnZtPnJMu+FbynTkFNnFlyjxpVKujMRg==}
    dependencies:
      '@types/unist': 2.0.6
      unist-util-is: 5.2.0
      unist-util-visit-parents: 5.1.3
    dev: false
